
Microsoft Visual Studio Solution File, Format Version 12.00
# Visual Studio Version 17
VisualStudioVersion = 17.1.32210.238
MinimumVisualStudioVersion = 10.0.40219.1
Project("{FAE04EC0-301F-11D3-BF4B-00C04F79EFBC}") = "PracticeEvenOdd", "PracticeEvenOdd\PracticeEvenOdd.csproj", "{88CAC447-2CF4-4393-A54B-596396C47F43}"
EndProject
Global
	GlobalSection(SolutionConfigurationPlatforms) = preSolution
		Debug|Any CPU = Debug|Any CPU
		Release|Any CPU = Release|Any CPU
	EndGlobalSection
	GlobalSection(ProjectConfigurationPlatforms) = postSolution
		{88CAC447-2CF4-4393-A54B-596396C47F43}.Debug|Any CPU.ActiveCfg = Debug|Any CPU
		{88CAC447-2CF4-4393-A54B-596396C47F43}.Debug|Any CPU.Build.0 = Debug|Any CPU
		{88CAC447-2CF4-4393-A54B-596396C47F43}.Release|Any CPU.ActiveCfg = Release|Any CPU
		{88CAC447-2CF4-4393-A54B-596396C47F43}.Release|Any CPU.Build.0 = Release|Any CPU
	EndGlobalSection
	GlobalSection(SolutionProperties) = preSolution
		HideSolutionNode = FALSE
	EndGlobalSection
	GlobalSection(ExtensibilityGlobals) = postSolution
		SolutionGuid = {D5E0E482-EF23-4C63-89A3-0B64D36BC639}
	EndGlobalSection
EndGlobal
